// !$*UTF8*$!
{
	archiveVersion = 1;
	classes = {
	};
	objectVersion = 50;
	objects = {

/* Begin PBXBuildFile section */
		37083F9D20DA36F100503BAF /* TimeUnitStepper.swift in Sources */ = {isa = PBXBuildFile; fileRef = 37083F9C20DA36F100503BAF /* TimeUnitStepper.swift */; };
		3771417F20D8F5C500539C36 /* AppDelegate.swift in Sources */ = {isa = PBXBuildFile; fileRef = 3771417E20D8F5C500539C36 /* AppDelegate.swift */; };
		3771418120D8F5C500539C36 /* LineViewController.swift in Sources */ = {isa = PBXBuildFile; fileRef = 3771418020D8F5C500539C36 /* LineViewController.swift */; };
		3771418420D8F5C500539C36 /* Main.storyboard in Resources */ = {isa = PBXBuildFile; fileRef = 3771418220D8F5C500539C36 /* Main.storyboard */; };
		3771418620D8F5C600539C36 /* Assets.xcassets in Resources */ = {isa = PBXBuildFile; fileRef = 3771418520D8F5C600539C36 /* Assets.xcassets */; };
		3771418920D8F5C600539C36 /* LaunchScreen.storyboard in Resources */ = {isa = PBXBuildFile; fileRef = 3771418720D8F5C600539C36 /* LaunchScreen.storyboard */; };
		37F5D7AE20D9063E00B8EC77 /* RadarMarkerView.swift in Sources */ = {isa = PBXBuildFile; fileRef = 37F5D7AB20D9063E00B8EC77 /* RadarMarkerView.swift */; };
		37F5D7AF20D9063E00B8EC77 /* XYMarkerView.swift in Sources */ = {isa = PBXBuildFile; fileRef = 37F5D7AC20D9063E00B8EC77 /* XYMarkerView.swift */; };
		37F5D7B020D9063E00B8EC77 /* BalloonMarker.swift in Sources */ = {isa = PBXBuildFile; fileRef = 37F5D7AD20D9063E00B8EC77 /* BalloonMarker.swift */; };
		37F5D7B320D90DE300B8EC77 /* BarViewController.swift in Sources */ = {isa = PBXBuildFile; fileRef = 37F5D7B220D90DE300B8EC77 /* BarViewController.swift */; };
		C87F2059CA572D88FAFC952C /* Pods_ChartsPlayground.framework in Frameworks */ = {isa = PBXBuildFile; fileRef = 6AAC7CDE3BE302C8BB77D71D /* Pods_ChartsPlayground.framework */; };
/* End PBXBuildFile section */

/* Begin PBXFileReference section */
		37083F9C20DA36F100503BAF /* TimeUnitStepper.swift */ = {isa = PBXFileReference; lastKnownFileType = sourcecode.swift; path = TimeUnitStepper.swift; sourceTree = "<group>"; };
		3771417B20D8F5C500539C36 /* ChartsPlayground.app */ = {isa = PBXFileReference; explicitFileType = wrapper.application; includeInIndex = 0; path = ChartsPlayground.app; sourceTree = BUILT_PRODUCTS_DIR; };
		3771417E20D8F5C500539C36 /* AppDelegate.swift */ = {isa = PBXFileReference; lastKnownFileType = sourcecode.swift; path = AppDelegate.swift; sourceTree = "<group>"; };
		3771418020D8F5C500539C36 /* LineViewController.swift */ = {isa = PBXFileReference; lastKnownFileType = sourcecode.swift; path = LineViewController.swift; sourceTree = "<group>"; };
		3771418320D8F5C500539C36 /* Base */ = {isa = PBXFileReference; lastKnownFileType = file.storyboard; name = Base; path = Base.lproj/Main.storyboard; sourceTree = "<group>"; };
		3771418520D8F5C600539C36 /* Assets.xcassets */ = {isa = PBXFileReference; lastKnownFileType = folder.assetcatalog; path = Assets.xcassets; sourceTree = "<group>"; };
		3771418820D8F5C600539C36 /* Base */ = {isa = PBXFileReference; lastKnownFileType = file.storyboard; name = Base; path = Base.lproj/LaunchScreen.storyboard; sourceTree = "<group>"; };
		3771418A20D8F5C600539C36 /* Info.plist */ = {isa = PBXFileReference; lastKnownFileType = text.plist.xml; path = Info.plist; sourceTree = "<group>"; };
		37F5D7AB20D9063E00B8EC77 /* RadarMarkerView.swift */ = {isa = PBXFileReference; fileEncoding = 4; lastKnownFileType = sourcecode.swift; path = RadarMarkerView.swift; sourceTree = "<group>"; };
		37F5D7AC20D9063E00B8EC77 /* XYMarkerView.swift */ = {isa = PBXFileReference; fileEncoding = 4; lastKnownFileType = sourcecode.swift; path = XYMarkerView.swift; sourceTree = "<group>"; };
		37F5D7AD20D9063E00B8EC77 /* BalloonMarker.swift */ = {isa = PBXFileReference; fileEncoding = 4; lastKnownFileType = sourcecode.swift; path = BalloonMarker.swift; sourceTree = "<group>"; };
		37F5D7B220D90DE300B8EC77 /* BarViewController.swift */ = {isa = PBXFileReference; lastKnownFileType = sourcecode.swift; path = BarViewController.swift; sourceTree = "<group>"; };
		6AAC7CDE3BE302C8BB77D71D /* Pods_ChartsPlayground.framework */ = {isa = PBXFileReference; explicitFileType = wrapper.framework; includeInIndex = 0; path = Pods_ChartsPlayground.framework; sourceTree = BUILT_PRODUCTS_DIR; };
		959209EB93E516221F0EA996 /* Pods-ChartsPlayground.debug.xcconfig */ = {isa = PBXFileReference; includeInIndex = 1; lastKnownFileType = text.xcconfig; name = "Pods-ChartsPlayground.debug.xcconfig"; path = "Pods/Target Support Files/Pods-ChartsPlayground/Pods-ChartsPlayground.debug.xcconfig"; sourceTree = "<group>"; };
		BD8205896AB220989A2DFCF6 /* Pods-ChartsPlayground.release.xcconfig */ = {isa = PBXFileReference; includeInIndex = 1; lastKnownFileType = text.xcconfig; name = "Pods-ChartsPlayground.release.xcconfig"; path = "Pods/Target Support Files/Pods-ChartsPlayground/Pods-ChartsPlayground.release.xcconfig"; sourceTree = "<group>"; };
/* End PBXFileReference section */

/* Begin PBXFrameworksBuildPhase section */
		3771417820D8F5C500539C36 /* Frameworks */ = {
			isa = PBXFrameworksBuildPhase;
			buildActionMask = 2147483647;
			files = (
				C87F2059CA572D88FAFC952C /* Pods_ChartsPlayground.framework in Frameworks */,
			);
			runOnlyForDeploymentPostprocessing = 0;
		};
/* End PBXFrameworksBuildPhase section */

/* Begin PBXGroup section */
		3771417220D8F5C500539C36 = {
			isa = PBXGroup;
			children = (
				3771417D20D8F5C500539C36 /* ChartsPlayground */,
				3771417C20D8F5C500539C36 /* Products */,
				B735CCBD68FDE412241B5C8B /* Pods */,
				5BA01ACD5DED082205275FA5 /* Frameworks */,
			);
			sourceTree = "<group>";
		};
		3771417C20D8F5C500539C36 /* Products */ = {
			isa = PBXGroup;
			children = (
				3771417B20D8F5C500539C36 /* ChartsPlayground.app */,
			);
			name = Products;
			sourceTree = "<group>";
		};
		3771417D20D8F5C500539C36 /* ChartsPlayground */ = {
			isa = PBXGroup;
			children = (
				37F5D7B120D9064800B8EC77 /* Markers */,
				37083F9C20DA36F100503BAF /* TimeUnitStepper.swift */,
				3771417E20D8F5C500539C36 /* AppDelegate.swift */,
				3771418020D8F5C500539C36 /* LineViewController.swift */,
				37F5D7B220D90DE300B8EC77 /* BarViewController.swift */,
				3771418220D8F5C500539C36 /* Main.storyboard */,
				3771418520D8F5C600539C36 /* Assets.xcassets */,
				3771418720D8F5C600539C36 /* LaunchScreen.storyboard */,
				3771418A20D8F5C600539C36 /* Info.plist */,
			);
			path = ChartsPlayground;
			sourceTree = "<group>";
		};
		37F5D7B120D9064800B8EC77 /* Markers */ = {
			isa = PBXGroup;
			children = (
				37F5D7AD20D9063E00B8EC77 /* BalloonMarker.swift */,
				37F5D7AB20D9063E00B8EC77 /* RadarMarkerView.swift */,
				37F5D7AC20D9063E00B8EC77 /* XYMarkerView.swift */,
			);
			path = Markers;
			sourceTree = "<group>";
		};
		5BA01ACD5DED082205275FA5 /* Frameworks */ = {
			isa = PBXGroup;
			children = (
				6AAC7CDE3BE302C8BB77D71D /* Pods_ChartsPlayground.framework */,
			);
			name = Frameworks;
			sourceTree = "<group>";
		};
		B735CCBD68FDE412241B5C8B /* Pods */ = {
			isa = PBXGroup;
			children = (
				959209EB93E516221F0EA996 /* Pods-ChartsPlayground.debug.xcconfig */,
				BD8205896AB220989A2DFCF6 /* Pods-ChartsPlayground.release.xcconfig */,
			);
			name = Pods;
			sourceTree = "<group>";
		};
/* End PBXGroup section */

/* Begin PBXNativeTarget section */
		3771417A20D8F5C500539C36 /* ChartsPlayground */ = {
			isa = PBXNativeTarget;
			buildConfigurationList = 3771418D20D8F5C600539C36 /* Build configuration list for PBXNativeTarget "ChartsPlayground" */;
			buildPhases = (
				706F5E880A5CB6F2F3F7133D /* [CP] Check Pods Manifest.lock */,
				3771417720D8F5C500539C36 /* Sources */,
				3771417820D8F5C500539C36 /* Frameworks */,
				3771417920D8F5C500539C36 /* Resources */,
				1226E68EA0BA45CE8A3390FE /* [CP] Embed Pods Frameworks */,
			);
			buildRules = (
			);
			dependencies = (
			);
			name = ChartsPlayground;
			productName = ChartsPlayground;
			productReference = 3771417B20D8F5C500539C36 /* ChartsPlayground.app */;
			productType = "com.apple.product-type.application";
		};
/* End PBXNativeTarget section */

/* Begin PBXProject section */
		3771417320D8F5C500539C36 /* Project object */ = {
			isa = PBXProject;
			attributes = {
				LastSwiftUpdateCheck = 0930;
				LastUpgradeCheck = 0930;
				ORGANIZATIONNAME = "Imagine Technologies";
				TargetAttributes = {
					3771417A20D8F5C500539C36 = {
						CreatedOnToolsVersion = 9.3;
					};
				};
			};
			buildConfigurationList = 3771417620D8F5C500539C36 /* Build configuration list for PBXProject "ChartsPlayground" */;
			compatibilityVersion = "Xcode 9.3";
			developmentRegion = en;
			hasScannedForEncodings = 0;
			knownRegions = (
				en,
				Base,
			);
			mainGroup = 3771417220D8F5C500539C36;
			productRefGroup = 3771417C20D8F5C500539C36 /* Products */;
			projectDirPath = "";
			projectRoot = "";
			targets = (
				3771417A20D8F5C500539C36 /* ChartsPlayground */,
			);
		};
/* End PBXProject section */

/* Begin PBXResourcesBuildPhase section */
		3771417920D8F5C500539C36 /* Resources */ = {
			isa = PBXResourcesBuildPhase;
			buildActionMask = 2147483647;
			files = (
				3771418920D8F5C600539C36 /* LaunchScreen.storyboard in Resources */,
				3771418620D8F5C600539C36 /* Assets.xcassets in Resources */,
				3771418420D8F5C500539C36 /* Main.storyboard in Resources */,
			);
			runOnlyForDeploymentPostprocessing = 0;
		};
/* End PBXResourcesBuildPhase section */

/* Begin PBXShellScriptBuildPhase section */
		1226E68EA0BA45CE8A3390FE /* [CP] Embed Pods Frameworks */ = {
			isa = PBXShellScriptBuildPhase;
			buildActionMask = 2147483647;
			files = (
			);
			inputPaths = (
				"${SRCROOT}/Pods/Target Support Files/Pods-ChartsPlayground/Pods-ChartsPlayground-frameworks.sh",
				"${BUILT_PRODUCTS_DIR}/Charts/Charts.framework",
			);
			name = "[CP] Embed Pods Frameworks";
			outputPaths = (
				"${TARGET_BUILD_DIR}/${FRAMEWORKS_FOLDER_PATH}/Charts.framework",
			);
			runOnlyForDeploymentPostprocessing = 0;
			shellPath = /bin/sh;
			shellScript = "\"${SRCROOT}/Pods/Target Support Files/Pods-ChartsPlayground/Pods-ChartsPlayground-frameworks.sh\"\n";
			showEnvVarsInLog = 0;
		};
		706F5E880A5CB6F2F3F7133D /* [CP] Check Pods Manifest.lock */ = {
			isa = PBXShellScriptBuildPhase;
			buildActionMask = 2147483647;
			files = (
			);
			inputPaths = (
				"${PODS_PODFILE_DIR_PATH}/Podfile.lock",
				"${PODS_ROOT}/Manifest.lock",
			);
			name = "[CP] Check Pods Manifest.lock";
			outputPaths = (
				"$(DERIVED_FILE_DIR)/Pods-ChartsPlayground-checkManifestLockResult.txt",
			);
			runOnlyForDeploymentPostprocessing = 0;
			shellPath = /bin/sh;
			shellScript = "diff \"${PODS_PODFILE_DIR_PATH}/Podfile.lock\" \"${PODS_ROOT}/Manifest.lock\" > /dev/null\nif [ $? != 0 ] ; then\n    # print error to STDERR\n    echo \"error: The sandbox is not in sync with the Podfile.lock. Run 'pod install' or update your CocoaPods installation.\" >&2\n    exit 1\nfi\n# This output is used by Xcode 'outputs' to avoid re-running this script phase.\necho \"SUCCESS\" > \"${SCRIPT_OUTPUT_FILE_0}\"\n";
			showEnvVarsInLog = 0;
		};
/* End PBXShellScriptBuildPhase section */

/* Begin PBXSourcesBuildPhase section */
		3771417720D8F5C500539C36 /* Sources */ = {
			isa = PBXSourcesBuildPhase;
			buildActionMask = 2147483647;
			files = (
				37F5D7AE20D9063E00B8EC77 /* RadarMarkerView.swift in Sources */,
				3771418120D8F5C500539C36 /* LineViewController.swift in Sources */,
				3771417F20D8F5C500539C36 /* AppDelegate.swift in Sources */,
				37083F9D20DA36F100503BAF /* TimeUnitStepper.swift in Sources */,
				37F5D7AF20D9063E00B8EC77 /* XYMarkerView.swift in Sources */,
				37F5D7B320D90DE300B8EC77 /* BarViewController.swift in Sources */,
				37F5D7B020D9063E00B8EC77 /* BalloonMarker.swift in Sources */,
			);
			runOnlyForDeploymentPostprocessing = 0;
		};
/* End PBXSourcesBuildPhase section */

/* Begin PBXVariantGroup section */
		3771418220D8F5C500539C36 /* Main.storyboard */ = {
			isa = PBXVariantGroup;
			children = (
				3771418320D8F5C500539C36 /* Base */,
			);
			name = Main.storyboard;
			sourceTree = "<group>";
		};
		3771418720D8F5C600539C36 /* LaunchScreen.storyboard */ = {
			isa = PBXVariantGroup;
			children = (
				3771418820D8F5C600539C36 /* Base */,
			);
			name = LaunchScreen.storyboard;
			sourceTree = "<group>";
		};
/* End PBXVariantGroup section */

/* Begin XCBuildConfiguration section */
		3771418B20D8F5C600539C36 /* Debug */ = {
			isa = XCBuildConfiguration;
			buildSettings = {
				ALWAYS_SEARCH_USER_PATHS = NO;
				CLANG_ANALYZER_NONNULL = YES;
				CLANG_ANALYZER_NUMBER_OBJECT_CONVERSION = YES_AGGRESSIVE;
				CLANG_CXX_LANGUAGE_STANDARD = "gnu++14";
				CLANG_CXX_LIBRARY = "libc++";
				CLANG_ENABLE_MODULES = YES;
				CLANG_ENABLE_OBJC_ARC = YES;
				CLANG_ENABLE_OBJC_WEAK = YES;
				CLANG_WARN_BLOCK_CAPTURE_AUTORELEASING = YES;
				CLANG_WARN_BOOL_CONVERSION = YES;
				CLANG_WARN_COMMA = YES;
				CLANG_WARN_CONSTANT_CONVERSION = YES;
				CLANG_WARN_DEPRECATED_OBJC_IMPLEMENTATIONS = YES;
				CLANG_WARN_DIRECT_OBJC_ISA_USAGE = YES_ERROR;
				CLANG_WARN_DOCUMENTATION_COMMENTS = YES;
				CLANG_WARN_EMPTY_BODY = YES;
				CLANG_WARN_ENUM_CONVERSION = YES;
				CLANG_WARN_INFINITE_RECURSION = YES;
				CLANG_WARN_INT_CONVERSION = YES;
				CLANG_WARN_NON_LITERAL_NULL_CONVERSION = YES;
				CLANG_WARN_OBJC_IMPLICIT_RETAIN_SELF = YES;
				CLANG_WARN_OBJC_LITERAL_CONVERSION = YES;
				CLANG_WARN_OBJC_ROOT_CLASS = YES_ERROR;
				CLANG_WARN_RANGE_LOOP_ANALYSIS = YES;
				CLANG_WARN_STRICT_PROTOTYPES = YES;
				CLANG_WARN_SUSPICIOUS_MOVE = YES;
				CLANG_WARN_UNGUARDED_AVAILABILITY = YES_AGGRESSIVE;
				CLANG_WARN_UNREACHABLE_CODE = YES;
				CLANG_WARN__DUPLICATE_METHOD_MATCH = YES;
				CODE_SIGN_IDENTITY = "iPhone Developer";
				COPY_PHASE_STRIP = NO;
				DEBUG_INFORMATION_FORMAT = dwarf;
				ENABLE_STRICT_OBJC_MSGSEND = YES;
				ENABLE_TESTABILITY = YES;
				GCC_C_LANGUAGE_STANDARD = gnu11;
				GCC_DYNAMIC_NO_PIC = NO;
				GCC_NO_COMMON_BLOCKS = YES;
				GCC_OPTIMIZATION_LEVEL = 0;
				GCC_PREPROCESSOR_DEFINITIONS = (
					"DEBUG=1",
					"$(inherited)",
				);
				GCC_WARN_64_TO_32_BIT_CONVERSION = YES;
				GCC_WARN_ABOUT_RETURN_TYPE = YES_ERROR;
				GCC_WARN_UNDECLARED_SELECTOR = YES;
				GCC_WARN_UNINITIALIZED_AUTOS = YES_AGGRESSIVE;
				GCC_WARN_UNUSED_FUNCTION = YES;
				GCC_WARN_UNUSED_VARIABLE = YES;
				IPHONEOS_DEPLOYMENT_TARGET = 9.0;
				MTL_ENABLE_DEBUG_INFO = YES;
				ONLY_ACTIVE_ARCH = YES;
				SDKROOT = iphoneos;
				SWIFT_ACTIVE_COMPILATION_CONDITIONS = DEBUG;
				SWIFT_OPTIMIZATION_LEVEL = "-Onone";
			};
			name = Debug;
		};
		3771418C20D8F5C600539C36 /* Release */ = {
			isa = XCBuildConfiguration;
			buildSettings = {
				ALWAYS_SEARCH_USER_PATHS = NO;
				CLANG_ANALYZER_NONNULL = YES;
				CLANG_ANALYZER_NUMBER_OBJECT_CONVERSION = YES_AGGRESSIVE;
				CLANG_CXX_LANGUAGE_STANDARD = "gnu++14";
				CLANG_CXX_LIBRARY = "libc++";
				CLANG_ENABLE_MODULES = YES;
				CLANG_ENABLE_OBJC_ARC = YES;
				CLANG_ENABLE_OBJC_WEAK = YES;
				CLANG_WARN_BLOCK_CAPTURE_AUTORELEASING = YES;
				CLANG_WARN_BOOL_CONVERSION = YES;
				CLANG_WARN_COMMA = YES;
				CLANG_WARN_CONSTANT_CONVERSION = YES;
				CLANG_WARN_DEPRECATED_OBJC_IMPLEMENTATIONS = YES;
				CLANG_WARN_DIRECT_OBJC_ISA_USAGE = YES_ERROR;
				CLANG_WARN_DOCUMENTATION_COMMENTS = YES;
				CLANG_WARN_EMPTY_BODY = YES;
				CLANG_WARN_ENUM_CONVERSION = YES;
				CLANG_WARN_INFINITE_RECURSION = YES;
				CLANG_WARN_INT_CONVERSION = YES;
				CLANG_WARN_NON_LITERAL_NULL_CONVERSION = YES;
				CLANG_WARN_OBJC_IMPLICIT_RETAIN_SELF = YES;
				CLANG_WARN_OBJC_LITERAL_CONVERSION = YES;
				CLANG_WARN_OBJC_ROOT_CLASS = YES_ERROR;
				CLANG_WARN_RANGE_LOOP_ANALYSIS = YES;
				CLANG_WARN_STRICT_PROTOTYPES = YES;
				CLANG_WARN_SUSPICIOUS_MOVE = YES;
				CLANG_WARN_UNGUARDED_AVAILABILITY = YES_AGGRESSIVE;
				CLANG_WARN_UNREACHABLE_CODE = YES;
				CLANG_WARN__DUPLICATE_METHOD_MATCH = YES;
				CODE_SIGN_IDENTITY = "iPhone Developer";
				COPY_PHASE_STRIP = NO;
				DEBUG_INFORMATION_FORMAT = "dwarf-with-dsym";
				ENABLE_NS_ASSERTIONS = NO;
				ENABLE_STRICT_OBJC_MSGSEND = YES;
				GCC_C_LANGUAGE_STANDARD = gnu11;
				GCC_NO_COMMON_BLOCKS = YES;
				GCC_WARN_64_TO_32_BIT_CONVERSION = YES;
				GCC_WARN_ABOUT_RETURN_TYPE = YES_ERROR;
				GCC_WARN_UNDECLARED_SELECTOR = YES;
				GCC_WARN_UNINITIALIZED_AUTOS = YES_AGGRESSIVE;
				GCC_WARN_UNUSED_FUNCTION = YES;
				GCC_WARN_UNUSED_VARIABLE = YES;
				IPHONEOS_DEPLOYMENT_TARGET = 9.0;
				MTL_ENABLE_DEBUG_INFO = NO;
				SDKROOT = iphoneos;
				SWIFT_COMPILATION_MODE = wholemodule;
				SWIFT_OPTIMIZATION_LEVEL = "-O";
				VALIDATE_PRODUCT = YES;
			};
			name = Release;
		};
		3771418E20D8F5C600539C36 /* Debug */ = {
			isa = XCBuildConfiguration;
			baseConfigurationReference = 959209EB93E516221F0EA996 /* Pods-ChartsPlayground.debug.xcconfig */;
			buildSettings = {
				ASSETCATALOG_COMPILER_APPICON_NAME = AppIcon;
				CODE_SIGN_STYLE = Automatic;
				DEVELOPMENT_TEAM = LT6MNHQ4GW;
				INFOPLIST_FILE = ChartsPlayground/Info.plist;
				LD_RUNPATH_SEARCH_PATHS = (
					"$(inherited)",
					"@executable_path/Frameworks",
				);
				PRODUCT_BUNDLE_IDENTIFIER = com.imagine.ChartsPlayground;
				PRODUCT_NAME = "$(TARGET_NAME)";
				SWIFT_VERSION = 4.0;
				TARGETED_DEVICE_FAMILY = "1,2";
			};
			name = Debug;
		};
		3771418F20D8F5C600539C36 /* Release */ = {
			isa = XCBuildConfiguration;
			baseConfigurationReference = BD8205896AB220989A2DFCF6 /* Pods-ChartsPlayground.release.xcconfig */;
			buildSettings = {
				ASSETCATALOG_COMPILER_APPICON_NAME = AppIcon;
				CODE_SIGN_STYLE = Automatic;
				DEVELOPMENT_TEAM = LT6MNHQ4GW;
				INFOPLIST_FILE = ChartsPlayground/Info.plist;
				LD_RUNPATH_SEARCH_PATHS = (
					"$(inherited)",
					"@executable_path/Frameworks",
				);
				PRODUCT_BUNDLE_IDENTIFIER = com.imagine.ChartsPlayground;
				PRODUCT_NAME = "$(TARGET_NAME)";
				SWIFT_VERSION = 4.0;
				TARGETED_DEVICE_FAMILY = "1,2";
			};
			name = Release;
		};
/* End XCBuildConfiguration section */

/* Begin XCConfigurationList section */
		3771417620D8F5C500539C36 /* Build configuration list for PBXProject "ChartsPlayground" */ = {
			isa = XCConfigurationList;
			buildConfigurations = (
				3771418B20D8F5C600539C36 /* Debug */,
				3771418C20D8F5C600539C36 /* Release */,
			);
			defaultConfigurationIsVisible = 0;
			defaultConfigurationName = Release;
		};
		3771418D20D8F5C600539C36 /* Build configuration list for PBXNativeTarget "ChartsPlayground" */ = {
			isa = XCConfigurationList;
			buildConfigurations = (
				3771418E20D8F5C600539C36 /* Debug */,
				3771418F20D8F5C600539C36 /* Release */,
			);
			defaultConfigurationIsVisible = 0;
			defaultConfigurationName = Release;
		};
/* End XCConfigurationList section */
	};
	rootObject = 3771417320D8F5C500539C36 /* Project object */;
}
